
Microsoft Visual Studio Solution File, Format Version 12.00
# Visual Studio Version 17
VisualStudioVersion = 17.9.34728.123
MinimumVisualStudioVersion = 10.0.40219.1
Project("{FAE04EC0-301F-11D3-BF4B-00C04F79EFBC}") = "AggregatiApi", "AggregatiApi\AggregatiApi.csproj", "{9DD649B4-4112-4644-B014-B8599E146365}"
EndProject
Global
	GlobalSection(SolutionConfigurationPlatforms) = preSolution
		Debug|Any CPU = Debug|Any CPU
		Release|Any CPU = Release|Any CPU
	EndGlobalSection
	GlobalSection(ProjectConfigurationPlatforms) = postSolution
		{9DD649B4-4112-4644-B014-B8599E146365}.Debug|Any CPU.ActiveCfg = Debug|Any CPU
		{9DD649B4-4112-4644-B014-B8599E146365}.Debug|Any CPU.Build.0 = Debug|Any CPU
		{9DD649B4-4112-4644-B014-B8599E146365}.Release|Any CPU.ActiveCfg = Release|Any CPU
		{9DD649B4-4112-4644-B014-B8599E146365}.Release|Any CPU.Build.0 = Release|Any CPU
	EndGlobalSection
	GlobalSection(SolutionProperties) = preSolution
		HideSolutionNode = FALSE
	EndGlobalSection
	GlobalSection(ExtensibilityGlobals) = postSolution
		SolutionGuid = {AEAD0A2C-AE82-4456-BF58-232AC55BAFC0}
	EndGlobalSection
EndGlobal
